// !$*UTF8*$!
{
	archiveVersion = 1;
	classes = {
	};
	objectVersion = 50;
	objects = {

/* Begin PBXBuildFile section */
		4908752422F8C5BB00EFD80F /* AppDelegate.swift in Sources */ = {isa = PBXBuildFile; fileRef = 4908752322F8C5BB00EFD80F /* AppDelegate.swift */; };
		4908752B22F8C5BB00EFD80F /* Main.storyboard in Resources */ = {isa = PBXBuildFile; fileRef = 4908752922F8C5BB00EFD80F /* Main.storyboard */; };
		4908752D22F8C5BB00EFD80F /* Assets.xcassets in Resources */ = {isa = PBXBuildFile; fileRef = 4908752C22F8C5BB00EFD80F /* Assets.xcassets */; };
		4908753022F8C5BB00EFD80F /* LaunchScreen.storyboard in Resources */ = {isa = PBXBuildFile; fileRef = 4908752E22F8C5BB00EFD80F /* LaunchScreen.storyboard */; };
		4908753922F8C63600EFD80F /* ListViewController.swift in Sources */ = {isa = PBXBuildFile; fileRef = 4908753822F8C63600EFD80F /* ListViewController.swift */; };
		4908753B22F8C64300EFD80F /* DetailViewController.swift in Sources */ = {isa = PBXBuildFile; fileRef = 4908753A22F8C64300EFD80F /* DetailViewController.swift */; };
		4908754022F8CEEF00EFD80F /* ListDataSource.swift in Sources */ = {isa = PBXBuildFile; fileRef = 4908753F22F8CEEF00EFD80F /* ListDataSource.swift */; };
		4908754522F8D2E700EFD80F /* Model.swift in Sources */ = {isa = PBXBuildFile; fileRef = 4908754422F8D2E700EFD80F /* Model.swift */; };
/* End PBXBuildFile section */

/* Begin PBXFileReference section */
		4908752022F8C5BB00EFD80F /* TransitionAnimations.app */ = {isa = PBXFileReference; explicitFileType = wrapper.application; includeInIndex = 0; path = TransitionAnimations.app; sourceTree = BUILT_PRODUCTS_DIR; };
		4908752322F8C5BB00EFD80F /* AppDelegate.swift */ = {isa = PBXFileReference; lastKnownFileType = sourcecode.swift; path = AppDelegate.swift; sourceTree = "<group>"; };
		4908752A22F8C5BB00EFD80F /* Base */ = {isa = PBXFileReference; lastKnownFileType = file.storyboard; name = Base; path = Base.lproj/Main.storyboard; sourceTree = "<group>"; };
		4908752C22F8C5BB00EFD80F /* Assets.xcassets */ = {isa = PBXFileReference; lastKnownFileType = folder.assetcatalog; path = Assets.xcassets; sourceTree = "<group>"; };
		4908752F22F8C5BB00EFD80F /* Base */ = {isa = PBXFileReference; lastKnownFileType = file.storyboard; name = Base; path = Base.lproj/LaunchScreen.storyboard; sourceTree = "<group>"; };
		4908753122F8C5BB00EFD80F /* Info.plist */ = {isa = PBXFileReference; lastKnownFileType = text.plist.xml; path = Info.plist; sourceTree = "<group>"; };
		4908753822F8C63600EFD80F /* ListViewController.swift */ = {isa = PBXFileReference; lastKnownFileType = sourcecode.swift; path = ListViewController.swift; sourceTree = "<group>"; };
		4908753A22F8C64300EFD80F /* DetailViewController.swift */ = {isa = PBXFileReference; lastKnownFileType = sourcecode.swift; path = DetailViewController.swift; sourceTree = "<group>"; };
		4908753F22F8CEEF00EFD80F /* ListDataSource.swift */ = {isa = PBXFileReference; lastKnownFileType = sourcecode.swift; path = ListDataSource.swift; sourceTree = "<group>"; };
		4908754422F8D2E700EFD80F /* Model.swift */ = {isa = PBXFileReference; lastKnownFileType = sourcecode.swift; path = Model.swift; sourceTree = "<group>"; };
/* End PBXFileReference section */

/* Begin PBXFrameworksBuildPhase section */
		4908751D22F8C5BA00EFD80F /* Frameworks */ = {
			isa = PBXFrameworksBuildPhase;
			buildActionMask = 2147483647;
			files = (
			);
			runOnlyForDeploymentPostprocessing = 0;
		};
/* End PBXFrameworksBuildPhase section */

/* Begin PBXGroup section */
		4908751722F8C5BA00EFD80F = {
			isa = PBXGroup;
			children = (
				4908752222F8C5BB00EFD80F /* TransitionAnimations */,
				4908752122F8C5BB00EFD80F /* Products */,
			);
			sourceTree = "<group>";
		};
		4908752122F8C5BB00EFD80F /* Products */ = {
			isa = PBXGroup;
			children = (
				4908752022F8C5BB00EFD80F /* TransitionAnimations.app */,
			);
			name = Products;
			sourceTree = "<group>";
		};
		4908752222F8C5BB00EFD80F /* TransitionAnimations */ = {
			isa = PBXGroup;
			children = (
				4908754122F8D1E300EFD80F /* Models */,
				4908754922F8D62B00EFD80F /* Views */,
				4908753722F8C62400EFD80F /* Controllers */,
				4908753C22F8CEAB00EFD80F /* DataSources */,
				4908752322F8C5BB00EFD80F /* AppDelegate.swift */,
				4908752922F8C5BB00EFD80F /* Main.storyboard */,
				4908752C22F8C5BB00EFD80F /* Assets.xcassets */,
				4908752E22F8C5BB00EFD80F /* LaunchScreen.storyboard */,
				4908753122F8C5BB00EFD80F /* Info.plist */,
			);
			path = TransitionAnimations;
			sourceTree = "<group>";
		};
		4908753722F8C62400EFD80F /* Controllers */ = {
			isa = PBXGroup;
			children = (
				4908753822F8C63600EFD80F /* ListViewController.swift */,
				4908753A22F8C64300EFD80F /* DetailViewController.swift */,
			);
			path = Controllers;
			sourceTree = "<group>";
		};
		4908753C22F8CEAB00EFD80F /* DataSources */ = {
			isa = PBXGroup;
			children = (
				4908753F22F8CEEF00EFD80F /* ListDataSource.swift */,
			);
			path = DataSources;
			sourceTree = "<group>";
		};
		4908754122F8D1E300EFD80F /* Models */ = {
			isa = PBXGroup;
			children = (
				4908754422F8D2E700EFD80F /* Model.swift */,
			);
			path = Models;
			sourceTree = "<group>";
		};
		4908754922F8D62B00EFD80F /* Views */ = {
			isa = PBXGroup;
			children = (
				4908754B22F8D65200EFD80F /* DetailCell */,
				4908754A22F8D63D00EFD80F /* ListCell */,
			);
			path = Views;
			sourceTree = "<group>";
		};
		4908754A22F8D63D00EFD80F /* ListCell */ = {
			isa = PBXGroup;
			children = (
			);
			path = ListCell;
			sourceTree = "<group>";
		};
		4908754B22F8D65200EFD80F /* DetailCell */ = {
			isa = PBXGroup;
			children = (
			);
			path = DetailCell;
			sourceTree = "<group>";
		};
/* End PBXGroup section */

/* Begin PBXNativeTarget section */
		4908751F22F8C5BA00EFD80F /* TransitionAnimations */ = {
			isa = PBXNativeTarget;
			buildConfigurationList = 4908753422F8C5BB00EFD80F /* Build configuration list for PBXNativeTarget "TransitionAnimations" */;
			buildPhases = (
				4908751C22F8C5BA00EFD80F /* Sources */,
				4908751D22F8C5BA00EFD80F /* Frameworks */,
				4908751E22F8C5BA00EFD80F /* Resources */,
			);
			buildRules = (
			);
			dependencies = (
			);
			name = TransitionAnimations;
			productName = TransitionAnimations;
			productReference = 4908752022F8C5BB00EFD80F /* TransitionAnimations.app */;
			productType = "com.apple.product-type.application";
		};
/* End PBXNativeTarget section */

/* Begin PBXProject section */
		4908751822F8C5BA00EFD80F /* Project object */ = {
			isa = PBXProject;
			attributes = {
				LastSwiftUpdateCheck = 1100;
				LastUpgradeCheck = 1100;
				ORGANIZATIONNAME = "Luis  Costa";
				TargetAttributes = {
					4908751F22F8C5BA00EFD80F = {
						CreatedOnToolsVersion = 11.0;
					};
				};
			};
			buildConfigurationList = 4908751B22F8C5BA00EFD80F /* Build configuration list for PBXProject "TransitionAnimations" */;
			compatibilityVersion = "Xcode 9.3";
			developmentRegion = en;
			hasScannedForEncodings = 0;
			knownRegions = (
				en,
				Base,
			);
			mainGroup = 4908751722F8C5BA00EFD80F;
			productRefGroup = 4908752122F8C5BB00EFD80F /* Products */;
			projectDirPath = "";
			projectRoot = "";
			targets = (
				4908751F22F8C5BA00EFD80F /* TransitionAnimations */,
			);
		};
/* End PBXProject section */

/* Begin PBXResourcesBuildPhase section */
		4908751E22F8C5BA00EFD80F /* Resources */ = {
			isa = PBXResourcesBuildPhase;
			buildActionMask = 2147483647;
			files = (
				4908753022F8C5BB00EFD80F /* LaunchScreen.storyboard in Resources */,
				4908752D22F8C5BB00EFD80F /* Assets.xcassets in Resources */,
				4908752B22F8C5BB00EFD80F /* Main.storyboard in Resources */,
			);
			runOnlyForDeploymentPostprocessing = 0;
		};
/* End PBXResourcesBuildPhase section */

/* Begin PBXSourcesBuildPhase section */
		4908751C22F8C5BA00EFD80F /* Sources */ = {
			isa = PBXSourcesBuildPhase;
			buildActionMask = 2147483647;
			files = (
				4908754522F8D2E700EFD80F /* Model.swift in Sources */,
				4908753B22F8C64300EFD80F /* DetailViewController.swift in Sources */,
				4908753922F8C63600EFD80F /* ListViewController.swift in Sources */,
				4908754022F8CEEF00EFD80F /* ListDataSource.swift in Sources */,
				4908752422F8C5BB00EFD80F /* AppDelegate.swift in Sources */,
			);
			runOnlyForDeploymentPostprocessing = 0;
		};
/* End PBXSourcesBuildPhase section */

/* Begin PBXVariantGroup section */
		4908752922F8C5BB00EFD80F /* Main.storyboard */ = {
			isa = PBXVariantGroup;
			children = (
				4908752A22F8C5BB00EFD80F /* Base */,
			);
			name = Main.storyboard;
			sourceTree = "<group>";
		};
		4908752E22F8C5BB00EFD80F /* LaunchScreen.storyboard */ = {
			isa = PBXVariantGroup;
			children = (
				4908752F22F8C5BB00EFD80F /* Base */,
			);
			name = LaunchScreen.storyboard;
			sourceTree = "<group>";
		};
/* End PBXVariantGroup section */

/* Begin XCBuildConfiguration section */
		4908753222F8C5BB00EFD80F /* Debug */ = {
			isa = XCBuildConfiguration;
			buildSettings = {
				ALWAYS_SEARCH_USER_PATHS = NO;
				CLANG_ANALYZER_NONNULL = YES;
				CLANG_ANALYZER_NUMBER_OBJECT_CONVERSION = YES_AGGRESSIVE;
				CLANG_CXX_LANGUAGE_STANDARD = "gnu++14";
				CLANG_CXX_LIBRARY = "libc++";
				CLANG_ENABLE_MODULES = YES;
				CLANG_ENABLE_OBJC_ARC = YES;
				CLANG_ENABLE_OBJC_WEAK = YES;
				CLANG_WARN_BLOCK_CAPTURE_AUTORELEASING = YES;
				CLANG_WARN_BOOL_CONVERSION = YES;
				CLANG_WARN_COMMA = YES;
				CLANG_WARN_CONSTANT_CONVERSION = YES;
				CLANG_WARN_DEPRECATED_OBJC_IMPLEMENTATIONS = YES;
				CLANG_WARN_DIRECT_OBJC_ISA_USAGE = YES_ERROR;
				CLANG_WARN_DOCUMENTATION_COMMENTS = YES;
				CLANG_WARN_EMPTY_BODY = YES;
				CLANG_WARN_ENUM_CONVERSION = YES;
				CLANG_WARN_INFINITE_RECURSION = YES;
				CLANG_WARN_INT_CONVERSION = YES;
				CLANG_WARN_NON_LITERAL_NULL_CONVERSION = YES;
				CLANG_WARN_OBJC_IMPLICIT_RETAIN_SELF = YES;
				CLANG_WARN_OBJC_LITERAL_CONVERSION = YES;
				CLANG_WARN_OBJC_ROOT_CLASS = YES_ERROR;
				CLANG_WARN_RANGE_LOOP_ANALYSIS = YES;
				CLANG_WARN_STRICT_PROTOTYPES = YES;
				CLANG_WARN_SUSPICIOUS_MOVE = YES;
				CLANG_WARN_UNGUARDED_AVAILABILITY = YES_AGGRESSIVE;
				CLANG_WARN_UNREACHABLE_CODE = YES;
				CLANG_WARN__DUPLICATE_METHOD_MATCH = YES;
				COPY_PHASE_STRIP = NO;
				DEBUG_INFORMATION_FORMAT = dwarf;
				ENABLE_STRICT_OBJC_MSGSEND = YES;
				ENABLE_TESTABILITY = YES;
				GCC_C_LANGUAGE_STANDARD = gnu11;
				GCC_DYNAMIC_NO_PIC = NO;
				GCC_NO_COMMON_BLOCKS = YES;
				GCC_OPTIMIZATION_LEVEL = 0;
				GCC_PREPROCESSOR_DEFINITIONS = (
					"DEBUG=1",
					"$(inherited)",
				);
				GCC_WARN_64_TO_32_BIT_CONVERSION = YES;
				GCC_WARN_ABOUT_RETURN_TYPE = YES_ERROR;
				GCC_WARN_UNDECLARED_SELECTOR = YES;
				GCC_WARN_UNINITIALIZED_AUTOS = YES_AGGRESSIVE;
				GCC_WARN_UNUSED_FUNCTION = YES;
				GCC_WARN_UNUSED_VARIABLE = YES;
				IPHONEOS_DEPLOYMENT_TARGET = 12.0;
				MTL_ENABLE_DEBUG_INFO = INCLUDE_SOURCE;
				MTL_FAST_MATH = YES;
				ONLY_ACTIVE_ARCH = YES;
				SDKROOT = iphoneos;
				SWIFT_ACTIVE_COMPILATION_CONDITIONS = DEBUG;
				SWIFT_OPTIMIZATION_LEVEL = "-Onone";
			};
			name = Debug;
		};
		4908753322F8C5BB00EFD80F /* Release */ = {
			isa = XCBuildConfiguration;
			buildSettings = {
				ALWAYS_SEARCH_USER_PATHS = NO;
				CLANG_ANALYZER_NONNULL = YES;
				CLANG_ANALYZER_NUMBER_OBJECT_CONVERSION = YES_AGGRESSIVE;
				CLANG_CXX_LANGUAGE_STANDARD = "gnu++14";
				CLANG_CXX_LIBRARY = "libc++";
				CLANG_ENABLE_MODULES = YES;
				CLANG_ENABLE_OBJC_ARC = YES;
				CLANG_ENABLE_OBJC_WEAK = YES;
				CLANG_WARN_BLOCK_CAPTURE_AUTORELEASING = YES;
				CLANG_WARN_BOOL_CONVERSION = YES;
				CLANG_WARN_COMMA = YES;
				CLANG_WARN_CONSTANT_CONVERSION = YES;
				CLANG_WARN_DEPRECATED_OBJC_IMPLEMENTATIONS = YES;
				CLANG_WARN_DIRECT_OBJC_ISA_USAGE = YES_ERROR;
				CLANG_WARN_DOCUMENTATION_COMMENTS = YES;
				CLANG_WARN_EMPTY_BODY = YES;
				CLANG_WARN_ENUM_CONVERSION = YES;
				CLANG_WARN_INFINITE_RECURSION = YES;
				CLANG_WARN_INT_CONVERSION = YES;
				CLANG_WARN_NON_LITERAL_NULL_CONVERSION = YES;
				CLANG_WARN_OBJC_IMPLICIT_RETAIN_SELF = YES;
				CLANG_WARN_OBJC_LITERAL_CONVERSION = YES;
				CLANG_WARN_OBJC_ROOT_CLASS = YES_ERROR;
				CLANG_WARN_RANGE_LOOP_ANALYSIS = YES;
				CLANG_WARN_STRICT_PROTOTYPES = YES;
				CLANG_WARN_SUSPICIOUS_MOVE = YES;
				CLANG_WARN_UNGUARDED_AVAILABILITY = YES_AGGRESSIVE;
				CLANG_WARN_UNREACHABLE_CODE = YES;
				CLANG_WARN__DUPLICATE_METHOD_MATCH = YES;
				COPY_PHASE_STRIP = NO;
				DEBUG_INFORMATION_FORMAT = "dwarf-with-dsym";
				ENABLE_NS_ASSERTIONS = NO;
				ENABLE_STRICT_OBJC_MSGSEND = YES;
				GCC_C_LANGUAGE_STANDARD = gnu11;
				GCC_NO_COMMON_BLOCKS = YES;
				GCC_WARN_64_TO_32_BIT_CONVERSION = YES;
				GCC_WARN_ABOUT_RETURN_TYPE = YES_ERROR;
				GCC_WARN_UNDECLARED_SELECTOR = YES;
				GCC_WARN_UNINITIALIZED_AUTOS = YES_AGGRESSIVE;
				GCC_WARN_UNUSED_FUNCTION = YES;
				GCC_WARN_UNUSED_VARIABLE = YES;
				IPHONEOS_DEPLOYMENT_TARGET = 12.0;
				MTL_ENABLE_DEBUG_INFO = NO;
				MTL_FAST_MATH = YES;
				SDKROOT = iphoneos;
				SWIFT_COMPILATION_MODE = wholemodule;
				SWIFT_OPTIMIZATION_LEVEL = "-O";
				VALIDATE_PRODUCT = YES;
			};
			name = Release;
		};
		4908753522F8C5BB00EFD80F /* Debug */ = {
			isa = XCBuildConfiguration;
			buildSettings = {
				ASSETCATALOG_COMPILER_APPICON_NAME = AppIcon;
				CODE_SIGN_STYLE = Automatic;
				DEVELOPMENT_TEAM = 423W5F3JD5;
				INFOPLIST_FILE = TransitionAnimations/Info.plist;
				LD_RUNPATH_SEARCH_PATHS = (
					"$(inherited)",
					"@executable_path/Frameworks",
				);
				PRODUCT_BUNDLE_IDENTIFIER = lmbcosta.TransitionAnimations;
				PRODUCT_NAME = "$(TARGET_NAME)";
				SWIFT_VERSION = 5.0;
				TARGETED_DEVICE_FAMILY = "1,2";
			};
			name = Debug;
		};
		4908753622F8C5BB00EFD80F /* Release */ = {
			isa = XCBuildConfiguration;
			buildSettings = {
				ASSETCATALOG_COMPILER_APPICON_NAME = AppIcon;
				CODE_SIGN_STYLE = Automatic;
				DEVELOPMENT_TEAM = 423W5F3JD5;
				INFOPLIST_FILE = TransitionAnimations/Info.plist;
				LD_RUNPATH_SEARCH_PATHS = (
					"$(inherited)",
					"@executable_path/Frameworks",
				);
				PRODUCT_BUNDLE_IDENTIFIER = lmbcosta.TransitionAnimations;
				PRODUCT_NAME = "$(TARGET_NAME)";
				SWIFT_VERSION = 5.0;
				TARGETED_DEVICE_FAMILY = "1,2";
			};
			name = Release;
		};
/* End XCBuildConfiguration section */

/* Begin XCConfigurationList section */
		4908751B22F8C5BA00EFD80F /* Build configuration list for PBXProject "TransitionAnimations" */ = {
			isa = XCConfigurationList;
			buildConfigurations = (
				4908753222F8C5BB00EFD80F /* Debug */,
				4908753322F8C5BB00EFD80F /* Release */,
			);
			defaultConfigurationIsVisible = 0;
			defaultConfigurationName = Release;
		};
		4908753422F8C5BB00EFD80F /* Build configuration list for PBXNativeTarget "TransitionAnimations" */ = {
			isa = XCConfigurationList;
			buildConfigurations = (
				4908753522F8C5BB00EFD80F /* Debug */,
				4908753622F8C5BB00EFD80F /* Release */,
			);
			defaultConfigurationIsVisible = 0;
			defaultConfigurationName = Release;
		};
/* End XCConfigurationList section */
	};
	rootObject = 4908751822F8C5BA00EFD80F /* Project object */;
}
